{
    "format_version": "999.9",
    "provider_schemas": {
        "null": {
            "provider": {
                "version": 0,
                "block": {}
            },
            "resource_schemas": {
                "null_resource": {
                    "version": 0,
                    "block": {
                        "attributes": {
                            "id": {
                                "type": "string",
                                "optional": true,
                                "computed": true
                            },
                            "triggers": {
                                "type": [
                                    "map",
                                    "string"
                                ],
                                "optional": true
                            }
                        }
                    }
                }
            },
            "data_source_schemas": {
                "null_data_source": {
                    "version": 0,
                    "block": {
                        "attributes": {
                            "has_computed_default": {
                                "type": "string",
                                "optional": true,
                                "computed": true
                            },
                            "id": {
                                "type": "string",
                                "optional": true,
                                "computed": true
                            },
                            "inputs": {
                                "type": [
                                    "map",
                                    "string"
                                ],
                                "optional": true
                            },
                            "outputs": {
                                "type": [
                                    "map",
                                    "string"
                                ],
                                "computed": true
                            },
                            "random": {
                                "type": "string",
                                "computed": true
                            }
                        }
                    }
                }
            }
        }
    }
}